
Microsoft Visual Studio Solution File, Format Version 12.00
# Visual Studio Version 17
VisualStudioVersion = 17.13.35825.156 d17.13
MinimumVisualStudioVersion = 10.0.40219.1
Project("{FAE04EC0-301F-11D3-BF4B-00C04F79EFBC}") = "akarsuotomosyon", "akarsuotomosyon\akarsuotomosyon.csproj", "{AFC87ED3-5B11-4014-89DC-FB11D52A1B44}"
EndProject
Global
	GlobalSection(SolutionConfigurationPlatforms) = preSolution
		Debug|Any CPU = Debug|Any CPU
		Release|Any CPU = Release|Any CPU
	EndGlobalSection
	GlobalSection(ProjectConfigurationPlatforms) = postSolution
		{AFC87ED3-5B11-4014-89DC-FB11D52A1B44}.Debug|Any CPU.ActiveCfg = Debug|Any CPU
		{AFC87ED3-5B11-4014-89DC-FB11D52A1B44}.Debug|Any CPU.Build.0 = Debug|Any CPU
		{AFC87ED3-5B11-4014-89DC-FB11D52A1B44}.Release|Any CPU.ActiveCfg = Release|Any CPU
		{AFC87ED3-5B11-4014-89DC-FB11D52A1B44}.Release|Any CPU.Build.0 = Release|Any CPU
	EndGlobalSection
	GlobalSection(SolutionProperties) = preSolution
		HideSolutionNode = FALSE
	EndGlobalSection
	GlobalSection(ExtensibilityGlobals) = postSolution
		SolutionGuid = {D5CFF57A-B7E3-47C5-A930-C14A0E4BCF35}
	EndGlobalSection
EndGlobal
